# THIS IS AN AUTOGENERATED FILE. DO NOT EDIT THIS FILE DIRECTLY.
# yarn lockfile v1


"@rails/ujs@^7.1.1":
  version "7.1.1"
  resolved "https://registry.yarnpkg.com/@rails/ujs/-/ujs-7.1.1.tgz#f8df96e406a2a824084b637880e57c257073cb05"
  integrity sha512-ywGwWNiqXN3Bb1BifVQTrkWEWcAGLHW3D0JNQMQeu57LsoluRzvnenNLPsmdoDPkrmSIASDXNsJiCIpUzFj8CA==
